<?xml version="1.0" encoding="utf-8"?>
<Project ToolsVersion="4.0" xmlns="http://schemas.microsoft.com/developer/msbuild/2003">
  <ItemGroup>
    <ClCompile Include="..\src\carMakerAPWrapper.cpp" />
    <ClCompile Include="..\..\..\..\..\jsoncpp\src\lib_json\json_reader.cpp" />
    <ClCompile Include="..\..\..\..\..\jsoncpp\src\lib_json\json_value.cpp" />
    <ClCompile Include="..\..\..\..\..\jsoncpp\src\lib_json\json_writer.cpp" />
    <ClCompile Include="..\..\..\..\..\geoml\src\component\LSM_LookupTable.cpp">
      <Filter>geoml</Filter>
    </ClCompile>
    <ClCompile Include="..\..\..\..\..\geoml\src\component\LSM_Math.cpp">
      <Filter>geoml</Filter>
    </ClCompile>
    <ClCompile Include="..\..\..\..\..\mf_manager\src\component\AutomatedParkingHandler.cpp">
      <Filter>mf_manager</Filter>
    </ClCompile>
    <ClCompile Include="..\..\..\..\..\mf_trjpla\src\component\ClothoidizerFrontend.cpp">
      <Filter>mf_trjpla</Filter>
    </ClCompile>
    <ClCompile Include="..\..\..\..\..\appdemo_parksm\src\component\DriverStateMonitoringSemiAP.cpp">
      <Filter>appdemo</Filter>
    </ClCompile>
    <ClCompile Include="..\..\..\..\..\appdemo_parksm\src\component\DriverStateMonitoring.cpp">
      <Filter>appdemo</Filter>
    </ClCompile>
    <ClCompile Include="..\..\..\..\..\mf_common\src\component\EgoVehicle.cpp">
      <Filter>mf_common</Filter>
    </ClCompile>
    <ClCompile Include="..\..\..\..\..\geoml\src\component\Ellipse.cpp">
      <Filter>geoml</Filter>
    </ClCompile>
    <ClCompile Include="..\..\..\..\..\mf_trjpla\src\component\GeometricPath.cpp">
      <Filter>mf_trjpla</Filter>
    </ClCompile>
    <ClCompile Include="..\..\..\..\..\mf_trjpla\src\component\GeometricPathTypes.cpp">
      <Filter>mf_trjpla</Filter>
    </ClCompile>
    <ClCompile Include="..\..\..\..\..\mf_trjpla\src\component\GeometricPlanner.cpp">
      <Filter>mf_trjpla</Filter>
    </ClCompile>
    <ClCompile Include="..\..\..\..\..\mf_trjpla\src\component\GeomParallelPlanner.cpp">
      <Filter>mf_trjpla</Filter>
    </ClCompile>
    <ClCompile Include="..\..\..\..\..\mf_trjpla\src\component\GeomPerpBwdParkingPosePlanner.cpp">
      <Filter>mf_trjpla</Filter>
    </ClCompile>
    <ClCompile Include="..\..\..\..\..\mf_trjpla\src\component\GeomPerpFwdParkingPosePlanner.cpp">
      <Filter>mf_trjpla</Filter>
    </ClCompile>
    <ClCompile Include="..\..\..\..\..\appdemo_parksm\src\component\ErrorStateMonitoring.cpp">
      <Filter>appdemo</Filter>
    </ClCompile>
    <ClCompile Include="..\..\..\..\..\mf_common\src\component\HelperFunctions.cpp">
      <Filter>mf_common</Filter>
    </ClCompile>
    <ClCompile Include="..\..\..\..\..\appdemo_hmih\src\component\HMIDWFMatrixComputation.cpp">
      <Filter>appdemo</Filter>
    </ClCompile>
    <ClCompile Include="..\..\..\..\..\appdemo_hmih\src\component\HMIMatrixComputation.cpp">
      <Filter>appdemo</Filter>
    </ClCompile>
    <ClCompile Include="..\..\..\..\..\mf_taposd\src\component\LaneBoundaryDelimiter.cpp">
      <Filter>mf_taposd</Filter>
    </ClCompile>
    <ClCompile Include="..\..\..\..\..\mf_manager\src\component\LscaHandler.cpp">
      <Filter>mf_manager</Filter>
    </ClCompile>
    <ClCompile Include="..\..\..\..\..\mf_trjpla\src\component\Maneuver.cpp">
      <Filter>mf_trjpla</Filter>
    </ClCompile>
    <ClCompile Include="..\..\..\..\..\mf_trjctl\src\component\MFCPAI_PositioningAndInterpolation.cpp">
      <Filter>mf_trjctl</Filter>
    </ClCompile>
    <ClCompile Include="..\..\..\..\..\mf_trjctl\src\component\MF_Control.cpp">
      <Filter>mf_trjctl</Filter>
    </ClCompile>
    <ClCompile Include="..\..\..\..\..\mf_trjctl\src\component\MFCGSH_GearShiftHandling.cpp">
      <Filter>mf_trjctl</Filter>
    </ClCompile>
    <ClCompile Include="..\..\..\..\..\mf_trjctl\src\component\MFCGSH_GearShiftHandling_AutomaticTransmission.cpp">
      <Filter>mf_trjctl</Filter>
    </ClCompile>
    <ClCompile Include="..\..\..\..\..\mf_trjctl\src\component\MFCGSH_GearShiftHandling_ManualTransmission.cpp">
      <Filter>mf_trjctl</Filter>
    </ClCompile>
    <ClCompile Include="..\..\..\..\..\mf_trjctl\src\component\MFCINP_InputProcessing.cpp">
      <Filter>mf_trjctl</Filter>
    </ClCompile>
    <ClCompile Include="..\..\..\..\..\mf_trjctl\src\component\MFCINP_InputProcessing_NoLoDMC.cpp">
      <Filter>mf_trjctl</Filter>
    </ClCompile>
    <ClCompile Include="..\..\..\..\..\mf_trjctl\src\component\MFCLAC_LateralControl.cpp">
      <Filter>mf_trjctl</Filter>
    </ClCompile>
    <ClCompile Include="..\..\..\..\..\mf_trjctl\src\component\MFCLOC_LongitudinalControl.cpp">
      <Filter>mf_trjctl</Filter>
    </ClCompile>
    <ClCompile Include="..\..\..\..\..\mf_trjctl\src\component\MFCOUT_OutputGeneration.cpp">
      <Filter>mf_trjctl</Filter>
    </ClCompile>
    <ClCompile Include="..\..\..\..\..\mf_trjctl\src\component\MFCOUT_OutputGeneration_SemiAP.cpp">
      <Filter>mf_trjctl</Filter>
    </ClCompile>
    <ClCompile Include="..\..\..\..\..\mf_trjctl\src\component\MFCPAC_PathControl.cpp">
      <Filter>mf_trjctl</Filter>
    </ClCompile>
    <ClCompile Include="..\..\..\..\..\appdemo_hmih\src\component\MFHMIHandler.cpp">
      <Filter>appdemo</Filter>
    </ClCompile>
    <ClCompile Include="..\..\..\..\..\mf_manager\src\component\MFManager.cpp">
      <Filter>mf_manager</Filter>
    </ClCompile>
    <ClCompile Include="..\..\..\..\..\mf_taposd\src\component\ParkingMarkingDelimiter.cpp">
      <Filter>mf_taposd</Filter>
    </ClCompile>
    <ClCompile Include="..\..\..\..\..\appdemo_parksm\src\component\ParkingProcedureControl.cpp">
      <Filter>appdemo</Filter>
    </ClCompile>
    <ClCompile Include="..\..\..\..\..\appdemo_parksm\src\component\ParkingStateMachine.cpp">
      <Filter>appdemo</Filter>
    </ClCompile>
    <ClCompile Include="..\..\..\..\..\appdemo_parksm\src\component\ParkingProcedureControlRemoteParking.cpp">
      <Filter>appdemo</Filter>
    </ClCompile>
    <ClCompile Include="..\..\..\..\..\appdemo_parksm\src\component\ParkingProcedureControlSemiAP.cpp">
      <Filter>appdemo</Filter>
    </ClCompile>
    <ClCompile Include="..\..\..\..\..\mf_trjpla\src\component\ParkingPath.cpp">
      <Filter>mf_trjpla</Filter>
    </ClCompile>
    <ClCompile Include="..\..\..\..\..\mf_taposd\src\component\ParkOutCorridorHandler.cpp">
      <Filter>mf_taposd</Filter>
    </ClCompile>
    <ClCompile Include="..\..\..\..\..\mf_parksm_core\src\component\ParksmCore.cpp">
      <Filter>mf_parksm_core</Filter>
    </ClCompile>
    <ClCompile Include="..\..\..\..\..\mf_parksm_core\src\component\ParksmCoreStateMachine.cpp">
      <Filter>mf_parksm_core</Filter>
    </ClCompile>
    <ClCompile Include="..\..\..\..\..\mf_trjpla\src\component\PathSampler.cpp">
      <Filter>mf_trjpla</Filter>
    </ClCompile>
    <ClCompile Include="..\..\..\..\..\mf_trjpla\src\component\PathStorage.cpp">
      <Filter>mf_trjpla</Filter>
    </ClCompile>
    <ClCompile Include="..\..\..\..\..\mf_trjpla\src\component\PlanningEgoVehicle.cpp">
      <Filter>mf_trjpla</Filter>
    </ClCompile>
    <ClCompile Include="..\..\..\..\..\mf_taposd\src\component\PoseData.cpp">
      <Filter>mf_taposd</Filter>
    </ClCompile>
    <ClCompile Include="..\..\..\..\..\mf_taposd\src\component\PoseDefiner.cpp">
      <Filter>mf_taposd</Filter>
    </ClCompile>
    <ClCompile Include="..\..\..\..\..\mf_taposd\src\component\PoseDefinerParkingOut.cpp">
      <Filter>mf_taposd</Filter>
    </ClCompile>
    <ClCompile Include="..\..\..\..\..\appdemo_parksm\src\component\RemoteDeviceStateMonitoring.cpp">
      <Filter>appdemo</Filter>
    </ClCompile>
    <ClCompile Include="..\..\..\..\..\mf_taposd\src\component\WheelCollisionHandler.cpp">
      <Filter>mf_taposd</Filter>
    </ClCompile>
    <ClCompile Include="..\..\..\..\..\mf_taposd\src\component\TargetPoseDefinition.cpp">
      <Filter>mf_taposd</Filter>
    </ClCompile>
    <ClCompile Include="..\..\..\..\..\mf_trjpla\src\component\TargetPoseTracker.cpp">
      <Filter>mf_trjpla</Filter>
    </ClCompile>
    <ClCompile Include="..\..\..\..\..\mf_trjpla\src\component\TrjPlaStateMachine.cpp">
      <Filter>mf_trjpla</Filter>
    </ClCompile>
    <ClCompile Include="..\..\..\..\..\mf_trjpla\src\component\TrajectoryFollower.cpp">
      <Filter>mf_trjpla</Filter>
    </ClCompile>
    <ClCompile Include="..\..\..\..\..\mf_trjpla\src\component\TrajectoryPlanner.cpp">
      <Filter>mf_trjpla</Filter>
    </ClCompile>
    <ClCompile Include="..\..\..\..\..\mf_trjpla\src\component\TrjPlaMath.cpp">
      <Filter>mf_trjpla</Filter>
    </ClCompile>
    <ClCompile Include="..\..\..\..\..\appdemo_hmih\src\component\UserCommunication.cpp">
      <Filter>appdemo</Filter>
    </ClCompile>
    <ClCompile Include="..\..\..\..\..\appdemo_hmih\src\component\UserCommunicationSemiAP.cpp">
      <Filter>appdemo</Filter>
    </ClCompile>
    <ClCompile Include="..\..\..\..\..\appdemo_parksm\src\component\UserCoreCommunication.cpp">
      <Filter>appdemo</Filter>
    </ClCompile>
    <ClCompile Include="..\..\..\..\..\appdemo_parksm\src\component\UserCoreCommunicationRemoteInput.cpp">
      <Filter>appdemo</Filter>
    </ClCompile>
    <ClCompile Include="..\..\..\..\..\appdemo_parksm\src\component\UserCoreCommunicationSemiAP.cpp">
      <Filter>appdemo</Filter>
    </ClCompile>
    <ClCompile Include="..\..\..\..\..\appdemo_parksm\src\component\VehicleStateMonitoring.cpp">
      <Filter>appdemo</Filter>
    </ClCompile>
    <ClCompile Include="..\..\..\..\..\mf_taposd\src\component\PoseDefinerGarage.cpp">
      <Filter>mf_taposd</Filter>
    </ClCompile>
    <ClCompile Include="..\..\..\..\..\mf_trjpla\src\component\ClothoidManeuver.cpp">
      <Filter>mf_trjpla</Filter>
    </ClCompile>
    <ClCompile Include="..\..\..\..\..\mf_trjpla\src\component\GarageParkingPlanner.cpp">
      <Filter>mf_trjpla</Filter>
    </ClCompile>
    <ClCompile Include="..\..\..\..\..\mf_trjpla\src\component\PolynomialCollisionDetector.cpp">
      <Filter>mf_trjpla</Filter>
    </ClCompile>
    <ClCompile Include="..\..\..\..\..\mf_trjpla\src\component\PolynomialPath.cpp">
      <Filter>mf_trjpla</Filter>
    </ClCompile>
    <ClCompile Include="..\..\..\..\..\mf_trjpla\src\component\PolynomialPlanner.cpp">
      <Filter>mf_trjpla</Filter>
    </ClCompile>
    <ClCompile Include="..\..\..\..\..\appdemo_parksm\src\component\ParkingProcedureControlRemoteGP.cpp">
      <Filter>appdemo</Filter>
    </ClCompile>
    <ClCompile Include="..\..\..\..\..\mf_lsca\src\component\LSCA360_CustomerStateMachine.cpp">
      <Filter>mf_lsca</Filter>
    </ClCompile>
    <ClCompile Include="..\..\..\..\..\mf_lsca\src\component\LSCA360_DataProvider.cpp">
      <Filter>mf_lsca</Filter>
    </ClCompile>
    <ClCompile Include="..\..\..\..\..\mf_lsca\src\component\LSCA360_Executor.cpp">
      <Filter>mf_lsca</Filter>
    </ClCompile>
    <ClCompile Include="..\..\..\..\..\mf_lsca\src\component\LSCA360_InputHandler.cpp">
      <Filter>mf_lsca</Filter>
    </ClCompile>
    <ClCompile Include="..\..\..\..\..\mf_lsca\src\component\LSCA360_OutputHandler.cpp">
      <Filter>mf_lsca</Filter>
    </ClCompile>
    <ClCompile Include="..\..\..\..\..\mf_lsca\src\component\LSCA360_Predictor.cpp">
      <Filter>mf_lsca</Filter>
    </ClCompile>
    <ClCompile Include="..\..\..\..\..\mf_lsca\src\component\LSCA360_PredictorPluginBrake.cpp">
      <Filter>mf_lsca</Filter>
    </ClCompile>
    <ClCompile Include="..\..\..\..\..\mf_lsca\src\component\LSCA360_PredictorPluginDoorProtect.cpp">
      <Filter>mf_lsca</Filter>
    </ClCompile>
    <ClCompile Include="..\..\..\..\..\mf_lsca\src\component\LSCA360_PredictorPluginPMP.cpp">
      <Filter>mf_lsca</Filter>
    </ClCompile>
    <ClCompile Include="..\..\..\..\..\mf_lsca\src\component\LSCA360_PredictorPluginRCTA.cpp">
      <Filter>mf_lsca</Filter>
    </ClCompile>
    <ClCompile Include="..\..\..\..\..\mf_lsca\src\component\LSCA360_PredictorPluginSteer.cpp">
      <Filter>mf_lsca</Filter>
    </ClCompile>
    <ClCompile Include="..\..\..\..\..\mf_lsca\src\component\LSCA360_PredictorTools.cpp">
      <Filter>mf_lsca</Filter>
    </ClCompile>
    <ClCompile Include="..\..\..\..\..\mf_lsca\src\component\LSCA360_StateMachine.cpp">
      <Filter>mf_lsca</Filter>
    </ClCompile>
    <ClCompile Include="..\..\..\..\..\mf_lsca\src\component\LSCA360_Wrapper.cpp">
      <Filter>mf_lsca</Filter>
    </ClCompile>
    <ClCompile Include="..\..\..\..\..\geoml\src\component\LineSegment.cpp">
      <Filter>geoml</Filter>
    </ClCompile>
    <ClCompile Include="..\..\..\..\..\mf_plot\src\component\MF_Plotter.cpp">
      <Filter>mf_plot</Filter>
    </ClCompile>
    <ClCompile Include="..\..\..\..\..\mf_plot\src\component\MF_PlotCoreManager.cpp">
      <Filter>mf_plot</Filter>
    </ClCompile>
    <ClCompile Include="..\..\..\..\..\mf_plot\src\component\MF_PlotterAp.cpp">
      <Filter>mf_plot</Filter>
    </ClCompile>
    <ClCompile Include="..\..\..\..\..\mf_plot\src\component\MF_PlotterCommon.cpp">
      <Filter>mf_plot</Filter>
    </ClCompile>
    <ClCompile Include="..\..\..\..\..\mf_plot\src\component\MF_PlotterHelper.cpp">
      <Filter>mf_plot</Filter>
    </ClCompile>
    <ClCompile Include="..\..\..\..\..\mf_plot\src\component\MF_PlotterLsca.cpp">
      <Filter>mf_plot</Filter>
    </ClCompile>
    <ClCompile Include="..\..\..\..\..\mf_plot\src\component\MF_ViewManager.cpp">
      <Filter>mf_plot</Filter>
    </ClCompile>
    <ClCompile Include="..\..\..\..\..\mf_plot\src\component\MF_ButtonManager.cpp">
      <Filter>mf_plot</Filter>
    </ClCompile>
    <ClCompile Include="..\..\..\..\..\mf_plot\src\component\MF_IOManager.cpp">
      <Filter>mf_plot</Filter>
    </ClCompile>
    <ClCompile Include="..\..\..\..\..\mf_plot\src\component\MF_PlotterUsPsi.cpp">
      <Filter>mf_plot</Filter>
    </ClCompile>
    <ClCompile Include="..\..\..\..\..\mf_taposd\src\component\ParkingBoxHandlerHigh.cpp">
      <Filter>mf_taposd</Filter>
    </ClCompile>
    <ClCompile Include="..\..\..\..\..\mf_taposd\src\component\ParkingBoxHandlerLow.cpp">
      <Filter>mf_taposd</Filter>
    </ClCompile>
    <ClCompile Include="..\..\..\..\..\mf_taposd\src\component\PoseDefinerParkingInHigh.cpp">
      <Filter>mf_taposd</Filter>
    </ClCompile>
    <ClCompile Include="..\..\..\..\..\mf_taposd\src\component\PoseDefinerParkingInLow.cpp">
      <Filter>mf_taposd</Filter>
    </ClCompile>
    <ClCompile Include="..\..\..\..\..\mf_taposd\src\component\PoseDeviationMonitorHigh.cpp">
      <Filter>mf_taposd</Filter>
    </ClCompile>
    <ClCompile Include="..\..\..\..\..\mf_taposd\src\component\PoseDeviationMonitorLow.cpp">
      <Filter>mf_taposd</Filter>
    </ClCompile>
    <ClCompile Include="..\..\..\..\..\mf_taposd\src\component\StaticStructDelimiterHigh.cpp">
      <Filter>mf_taposd</Filter>
    </ClCompile>
    <ClCompile Include="..\..\..\..\..\mf_taposd\src\component\StaticStructDelimiterLow.cpp">
      <Filter>mf_taposd</Filter>
    </ClCompile>
    <ClCompile Include="..\..\..\..\..\mf_taposd\src\component\TPDMapEvaluatorHigh.cpp">
      <Filter>mf_taposd</Filter>
    </ClCompile>
    <ClCompile Include="..\..\..\..\..\mf_taposd\src\component\TPDMapEvaluatorLow.cpp">
      <Filter>mf_taposd</Filter>
    </ClCompile>
    <ClCompile Include="..\..\..\..\..\mf_lsca\src\component\LSCA360_Reporter.cpp">
      <Filter>mf_lsca</Filter>
    </ClCompile>
    <ClCompile Include="..\..\..\..\..\mf_pdwarnproc\src\component\PDCP_Sector.cpp">
      <Filter>mf_pdwarnproc</Filter>
    </ClCompile>
    <ClCompile Include="..\..\..\..\..\mf_pdwarnproc\src\component\PDCProcessing.cpp">
      <Filter>mf_pdwarnproc</Filter>
    </ClCompile>
    <ClCompile Include="..\..\..\..\..\mf_taposd\src\component\DelimiterReferenceHigh.cpp">
      <Filter>mf_taposd</Filter>
    </ClCompile>
    <ClCompile Include="..\..\..\..\..\mf_taposd\src\component\DelimiterReferenceLow.cpp">
      <Filter>mf_taposd</Filter>
    </ClCompile>
    <ClCompile Include="..\..\..\..\..\mf_taposd\src\component\DelimiterInterface.cpp">
      <Filter>mf_taposd</Filter>
    </ClCompile>
    <ClCompile Include="..\..\..\..\..\mf_plot\src\component\MF_PlotterSi.cpp">
      <Filter>mf_plot</Filter>
    </ClCompile>
    <ClCompile Include="..\..\..\..\..\geoml\src\component\AxisAlignedRectangular2D.cpp">
      <Filter>geoml</Filter>
    </ClCompile>
    <ClCompile Include="..\..\..\..\..\mf_trjpla\src\component\CollisionDetectorBase.cpp">
      <Filter>mf_trjpla</Filter>
    </ClCompile>
    <ClCompile Include="..\..\..\..\..\mf_taposd\src\component\AP_TPD_Utilities.cpp">
      <Filter>mf_taposd</Filter>
    </ClCompile>
    <ClCompile Include="..\..\..\..\..\mf_trjpla\src\component\CollisionDetectorHigh.cpp">
      <Filter>mf_trjpla</Filter>
    </ClCompile>
    <ClCompile Include="..\..\..\..\..\mf_trjpla\src\component\CollisionDetectorLow.cpp">
      <Filter>mf_trjpla</Filter>
    </ClCompile>
    <ClCompile Include="..\..\..\..\..\mf_trjpla\src\component\VelocityPlannerHigh.cpp">
      <Filter>mf_trjpla</Filter>
    </ClCompile>
    <ClCompile Include="..\..\..\..\..\mf_trjpla\src\component\VelocityPlannerLow.cpp">
      <Filter>mf_trjpla</Filter>
    </ClCompile>
    <ClCompile Include="..\..\..\..\..\mf_drvwarnsm_core\src\component\DrvWarnSMCore.cpp">
      <Filter>mf_drvwarnsm_core</Filter>
    </ClCompile>
    <ClCompile Include="..\..\..\..\..\mf_drvwarnsm_core\src\component\DWFStateMachineCore.cpp">
      <Filter>mf_drvwarnsm_core</Filter>
    </ClCompile>
    <ClCompile Include="..\..\..\..\..\appdemo_drvwarnsm\src\component\DrvWarnSM.cpp">
      <Filter>appdemo_drvwarnsm</Filter>
    </ClCompile>
    <ClCompile Include="..\..\..\..\..\appdemo_drvwarnsm\src\component\PDWStateMachine.cpp">
      <Filter>appdemo_drvwarnsm</Filter>
    </ClCompile>
    <ClCompile Include="..\..\..\..\..\appdemo_drvwarnsm\src\component\WHPStateMachine.cpp">
      <Filter>appdemo_drvwarnsm</Filter>
    </ClCompile>
    <ClCompile Include="..\..\..\..\..\mf_trjpla\src\component\VelocityPlannerBase.cpp">
      <Filter>mf_trjpla</Filter>
    </ClCompile>
    <ClCompile Include="..\..\..\..\..\appdemo_tonh\src\component\THToneGenerator.cpp">
      <Filter>appdemo_tonh</Filter>
    </ClCompile>
    <ClCompile Include="..\..\..\..\..\appdemo_tonh\src\component\MF_ToneHandler.cpp">
      <Filter>appdemo_tonh</Filter>
    </ClCompile>
    <ClCompile Include="..\..\..\..\..\appdemo_tonh\src\component\THCustSpecInterface.cpp">
      <Filter>appdemo_tonh</Filter>
    </ClCompile>
    <ClCompile Include="..\..\..\..\..\appdemo_tonh\src\component\THPluginPDW.cpp">
      <Filter>appdemo_tonh</Filter>
    </ClCompile>
    <ClCompile Include="..\..\..\..\..\mf_plot\src\component\MF_JsonWriter.cpp">
      <Filter>mf_plot</Filter>
    </ClCompile>
    <ClCompile Include="..\..\..\..\..\mf_plot\src\component\MF_PlotterJsonView.cpp">
      <Filter>mf_plot</Filter>
    </ClCompile>
    <ClCompile Include="..\..\..\..\..\mf_taposd\src\component\DelimiterReferenceBase.cpp">
      <Filter>mf_taposd</Filter>
    </ClCompile>
    <ClCompile Include="..\..\..\..\..\mf_taposd\src\component\ParkingBoxHandlerBase.cpp">
      <Filter>mf_taposd</Filter>
    </ClCompile>
    <ClCompile Include="..\..\..\..\..\mf_whlprotectproc\src\component\MF_WhlProtectProc.cpp">
      <Filter>mf_whlprotectproc</Filter>
    </ClCompile>
    <ClCompile Include="..\..\..\..\..\mf_taposd\src\component\OrientationHandlerBase.cpp">
      <Filter>mf_taposd</Filter>
    </ClCompile>
    <ClCompile Include="..\..\..\..\..\mf_taposd\src\component\OrientationHandlerHigh.cpp">
      <Filter>mf_taposd</Filter>
    </ClCompile>
    <ClCompile Include="..\..\..\..\..\mf_taposd\src\component\OrientationHandlerLow.cpp">
      <Filter>mf_taposd</Filter>
    </ClCompile>
    <ClCompile Include="..\..\..\..\..\appl_srv_layer\src\package\SignalProvider.cpp">
      <Filter>applsrvlayer</Filter>
    </ClCompile>
    <ClCompile Include="..\..\..\..\..\mf_trjpla\src\component\TrjPlaMapEvaluatorBase.cpp">
      <Filter>mf_trjpla</Filter>
    </ClCompile>
    <ClCompile Include="..\..\..\..\..\mf_trjpla\src\component\TrjPlaMapEvaluatorHigh.cpp">
      <Filter>mf_trjpla</Filter>
    </ClCompile>
    <ClCompile Include="..\..\..\..\..\mf_trjpla\src\component\TrjPlaMapEvaluatorLow.cpp">
      <Filter>mf_trjpla</Filter>
    </ClCompile>
    <ClCompile Include="..\..\..\..\..\tce\src\component\src\gps_calculation.cpp">
      <Filter>tce</Filter>
    </ClCompile>
    <ClCompile Include="..\..\..\..\..\tce\src\component\src\situation_estimator.cpp">
      <Filter>tce</Filter>
    </ClCompile>
    <ClCompile Include="..\..\..\..\..\tce\src\component\src\tce_manager.cpp">
      <Filter>tce</Filter>
    </ClCompile>
    <ClCompile Include="..\..\..\..\..\tce\src\component\src\tire_estimation.cpp">
      <Filter>tce</Filter>
    </ClCompile>
    <ClCompile Include="..\..\..\..\..\tce\src\component\src\wheel_sensor.cpp">
      <Filter>tce</Filter>
    </ClCompile>
    <ClCompile Include="..\..\..\..\..\mf_trjpla\src\component\TrjPlaMapEvaluatorBase.cpp">
      <Filter>mf_trjpla</Filter>
    </ClCompile>
    <ClCompile Include="..\..\..\..\..\mf_trjpla\src\component\TrjPlaMapEvaluatorHigh.cpp">
      <Filter>mf_trjpla</Filter>
    </ClCompile>
    <ClCompile Include="..\..\..\..\..\mf_trjpla\src\component\TrjPlaMapEvaluatorLow.cpp">
      <Filter>mf_trjpla</Filter>
    </ClCompile>
    <ClCompile Include="..\..\..\..\..\mf_taposd\src\component\InnerFeatureHandlerBase.cpp">
      <Filter>mf_taposd</Filter>
    </ClCompile>
    <ClCompile Include="..\..\..\..\..\appdemo_tonh\src\component\THPluginWHP.cpp">
      <Filter>appdemo_tonh</Filter>
    </ClCompile>
    <ClCompile Include="..\..\..\..\..\mf_trjpla\src\component\ClothoidizerBackend.cpp">
      <Filter>mf_trjpla</Filter>
    </ClCompile>
    <ClCompile Include="..\..\..\..\..\mf_taposd\src\component\InsideObjectHandlerHigh.cpp">
      <Filter>mf_taposd</Filter>
    </ClCompile>
    <ClCompile Include="..\..\..\..\..\mf_vedodo\src\component\VehicleDynamicsOdometry.cpp">
      <Filter>mf_vedodo</Filter>
    </ClCompile>
    <ClCompile Include="..\..\..\..\..\mf_vedodo\src\component\WheelOdometry\VehicleCalculation.cpp">
      <Filter>mf_vedodo\WheelOdometry</Filter>
    </ClCompile>
    <ClCompile Include="..\..\..\..\..\mf_vedodo\src\component\WheelOdometry\WheelCalculation.cpp">
      <Filter>mf_vedodo\WheelOdometry</Filter>
    </ClCompile>
    <ClCompile Include="..\..\..\..\..\mf_vedodo\src\component\WheelOdometry\WheelOdometry.cpp">
      <Filter>mf_vedodo\WheelOdometry</Filter>
    </ClCompile>
    <ClCompile Include="..\..\..\..\..\mf_vedodo\src\component\InertialOdometry\DampingOsciFilter.cpp">
      <Filter>mf_vedodo\InertialOdometry</Filter>
    </ClCompile>
    <ClCompile Include="..\..\..\..\..\mf_vedodo\src\component\InertialOdometry\InertialOdometry.cpp">
      <Filter>mf_vedodo\InertialOdometry</Filter>
    </ClCompile>
    <ClCompile Include="..\..\..\..\..\mf_vedodo\src\component\Util\MeasurementPorts.cpp">
      <Filter>mf_vedodo\Util</Filter>
    </ClCompile>
    <ClCompile Include="..\..\..\..\..\mf_vedodo\src\component\Util\OdometryCommon.cpp">
      <Filter>mf_vedodo\Util</Filter>
    </ClCompile>
    <ClCompile Include="..\..\..\..\..\mf_vedodo\src\component\MultiSensorFusion\MultiSensorFusion.cpp">
      <Filter>mf_vedodo\MultiSensorFusion</Filter>
    </ClCompile>
    <ClCompile Include="..\..\..\..\..\mf_vedodo\src\component\SignalAnalysis\SignalAnalysis.cpp">
      <Filter>mf_vedodo\SignalAnalysis</Filter>
    </ClCompile>
    <ClCompile Include="..\..\..\..\..\mf_vedodo\src\component\SteeringOdometry\SteeringOdometry.cpp">
      <Filter>mf_vedodo\SteeringOdometry</Filter>
    </ClCompile>
    <ClCompile Include="..\..\..\..\..\mf_vedodo\src\component\DrivingDirectionDetermination\DrivingDirectionDetermination.cpp">
      <Filter>mf_vedodo\DrivingDirectionDetermination</Filter>
    </ClCompile>
    <ClCompile Include="..\..\..\..\..\mf_vedodo\src\component\DrivingDirectionDetermination\DrivingDirectionFromAcceleration.cpp">
      <Filter>mf_vedodo\DrivingDirectionDetermination</Filter>
    </ClCompile>
    <ClCompile Include="..\..\..\..\..\mf_vedodo\src\component\DrivingDirectionDetermination\DrivingDirectionFromGear.cpp">
      <Filter>mf_vedodo\DrivingDirectionDetermination</Filter>
    </ClCompile>
    <ClCompile Include="..\..\..\..\..\mf_vedodo\src\component\DrivingDirectionDetermination\DrivingDirectionFromVelocity.cpp">
      <Filter>mf_vedodo\DrivingDirectionDetermination</Filter>
    </ClCompile>
    <ClCompile Include="..\..\..\..\..\mf_vedodo\src\component\DrivingDirectionDetermination\DrivingDirectionFromWheelEncoders.cpp">
      <Filter>mf_vedodo\DrivingDirectionDetermination</Filter>
    </ClCompile>
    <ClCompile Include="..\..\..\..\..\mf_vedodo\src\component\DrivingDirectionDetermination\DrivingDirectionFromYawRateSteering.cpp">
      <Filter>mf_vedodo\DrivingDirectionDetermination</Filter>
    </ClCompile>
    <ClCompile Include="..\..\..\..\..\mf_plot\src\component\MF_PlotterCem.cpp">
      <Filter>mf_plot</Filter>
    </ClCompile>
    <ClCompile Include="..\..\..\..\..\mf_vedodo\src\component\InertialOdometry\SlopeFilter.cpp">
      <Filter>mf_vedodo\InertialOdometry</Filter>
    </ClCompile>
    <ClCompile Include="..\..\..\..\..\mf_vedodo\src\component\SuspensionSensor\SuspensionEstimation.cpp">
      <Filter>mf_vedodo\SuspensionSensor</Filter>
    </ClCompile>
    <ClCompile Include="..\..\..\..\..\mf_trjpla\src\component\PlanningObject.cpp">
      <Filter>mf_trjpla</Filter>
    </ClCompile>
    <ClCompile Include="..\..\..\..\..\mf_vedodo\src\component\InertialOdometry\TiltStateEstimation.cpp">
      <Filter>mf_vedodo\InertialOdometry</Filter>
    </ClCompile>
    <ClCompile Include="..\..\..\..\..\mf_plot\src\component\MF_PlotterCus.cpp">
      <Filter>mf_plot</Filter>
    </ClCompile>
    <ClCompile Include="..\src\uspWrapper.cpp">
      <Filter>us_processing</Filter>
    </ClCompile>
    <ClCompile Include="..\..\..\..\..\us_em\src\package\us_common\us_clustering.cpp">
      <Filter>us_em</Filter>
    </ClCompile>
    <ClCompile Include="..\..\..\..\..\us_em\src\package\us_common\us_debug.cpp">
      <Filter>us_em</Filter>
    </ClCompile>
    <ClCompile Include="..\..\..\..\..\us_em\src\package\us_em\us_em.cpp">
      <Filter>us_em</Filter>
    </ClCompile>
    <ClCompile Include="..\..\..\..\..\us_em\src\package\us_em_height_classifier\us_em_height_classifier.cpp">
      <Filter>us_em</Filter>
    </ClCompile>
    <ClCompile Include="..\src\us_em_wrapper.cpp" />
    <ClCompile Include="..\..\..\..\..\us_em\src\package\us_em_height_classifier\us_em_height_fusion.cpp">
      <Filter>us_em</Filter>
    </ClCompile>
    <ClCompile Include="..\..\..\..\..\mf_vedodo\src\component\ErrorPropagation\ErrorPropagation.cpp">
      <Filter>mf_vedodo\ErrorPropagation</Filter>
    </ClCompile>
    <ClCompile Include="..\..\..\..\..\mf_vedodo\src\component\InertialOdometry\HeadingRateEstimation.cpp">
      <Filter>mf_vedodo\InertialOdometry</Filter>
    </ClCompile>
  </ItemGroup>
  <ItemGroup>
    <Filter Include="geoml">
      <UniqueIdentifier>{79d00efd-0071-4e66-8397-b3cf9e739422}</UniqueIdentifier>
    </Filter>
    <Filter Include="appdemo">
      <UniqueIdentifier>{2cd5f778-bde0-4e84-96b2-499550988017}</UniqueIdentifier>
    </Filter>
    <Filter Include="mf_common">
      <UniqueIdentifier>{5063fbaf-4ce8-4f94-91c0-c50df0a78668}</UniqueIdentifier>
    </Filter>
    <Filter Include="mf_trjpla">
      <UniqueIdentifier>{ca0ff92f-dbc0-47c9-bda3-cd5f324801ca}</UniqueIdentifier>
    </Filter>
    <Filter Include="mf_manager">
      <UniqueIdentifier>{42ef97a7-23ce-4491-b8f4-a6429f061f73}</UniqueIdentifier>
    </Filter>
    <Filter Include="mf_taposd">
      <UniqueIdentifier>{7494b078-a48c-4b67-b7a0-6aac1b5cdec1}</UniqueIdentifier>
    </Filter>
    <Filter Include="mf_vedodo">
      <UniqueIdentifier>{2dacce66-e741-4b3d-ab41-59a3cfb5aecb}</UniqueIdentifier>
    </Filter>
    <Filter Include="mf_trjctl">
      <UniqueIdentifier>{aca4455a-2e53-49bb-800f-3e8588b24f22}</UniqueIdentifier>
    </Filter>
    <Filter Include="mf_parksm_core">
      <UniqueIdentifier>{fb425372-d3df-47bb-8d79-3e9b31060fcd}</UniqueIdentifier>
    </Filter>
    <Filter Include="mf_lsca">
      <UniqueIdentifier>{93702aa5-41f5-4ee4-a7d6-d41c89ea4abf}</UniqueIdentifier>
    </Filter>
    <Filter Include="mf_plot">
      <UniqueIdentifier>{70c3496d-128a-4905-9e80-28c490640939}</UniqueIdentifier>
    </Filter>
    <Filter Include="mf_drvwarnsm_core">
    </Filter>
    <Filter Include="mf_pdwarnproc">
    </Filter>
    <Filter Include="appdemo_drvwarnsm">
      <UniqueIdentifier>{bca2af4b-fd6c-4270-b897-619cb4422c98}</UniqueIdentifier>
    </Filter>
    <Filter Include="appdemo_tonh">
      <UniqueIdentifier>{9303d4c3-3212-4c03-bd85-e699bb991109}</UniqueIdentifier>
    </Filter>
    <Filter Include="mf_whlprotectproc">
      <UniqueIdentifier>{0f12c2d2-3e4d-49e2-ae98-00f95e7390b1}</UniqueIdentifier>
    </Filter>
    <Filter Include="applsrvlayer">
      <UniqueIdentifier>{92b37e00-2090-4ab5-bc57-19fc252c37b9}</UniqueIdentifier>
    </Filter>
    <Filter Include="tce">
      <UniqueIdentifier>{d7b536a5-2658-4e2c-9e8e-f60e4436d91d}</UniqueIdentifier>
    </Filter>
    <Filter Include="mf_vedodo\WheelOdometry">
      <UniqueIdentifier>{488abcd7-d2d8-4913-9f68-c07ce9f62c1a}</UniqueIdentifier>
    </Filter>
    <Filter Include="mf_vedodo\InertialOdometry">
      <UniqueIdentifier>{676aec40-951f-4fcd-9837-532f0909b455}</UniqueIdentifier>
    </Filter>
    <Filter Include="mf_vedodo\Util">
      <UniqueIdentifier>{a12ab050-93c5-4ea8-b71a-b9d823ac80ab}</UniqueIdentifier>
    </Filter>
    <Filter Include="mf_vedodo\MultiSensorFusion">
      <UniqueIdentifier>{08d70b6c-5530-4ae3-97a3-f1064625b45d}</UniqueIdentifier>
    </Filter>
    <Filter Include="mf_vedodo\SignalAnalysis">
      <UniqueIdentifier>{f21c81a8-195f-43eb-b674-ba1085c4fc53}</UniqueIdentifier>
    </Filter>
    <Filter Include="mf_vedodo\SteeringOdometry">
      <UniqueIdentifier>{efa0b77c-86da-4a8d-8bb7-c33c44ec7921}</UniqueIdentifier>
    </Filter>
    <Filter Include="mf_vedodo\DrivingDirectionDetermination">
      <UniqueIdentifier>{9e09c26b-d69f-4182-96a8-1224ef10a0b5}</UniqueIdentifier>
    </Filter>
    <Filter Include="mf_vedodo\SuspensionSensor">
      <UniqueIdentifier>{1fb8a666-9fcd-4ce4-9159-b7d171cb9734}</UniqueIdentifier>
    </Filter>
    <Filter Include="us_processing">
      <UniqueIdentifier>{3b368507-dbe4-47f8-bbe1-160e4fb34c44}</UniqueIdentifier>
    </Filter>
    <Filter Include="us_em">
      <UniqueIdentifier>{d54b2d5c-5725-4310-963d-a57d42c8de62}</UniqueIdentifier>
    </Filter>
    <Filter Include="mf_vedodo\ErrorPropagation">
      <UniqueIdentifier>{871e49ca-11be-43f2-996f-631e59949492}</UniqueIdentifier>
    </Filter>
  </ItemGroup>
  <ItemGroup>
    <Natvis Include="pragmatic.natvis" />
  </ItemGroup>
  <ItemGroup>
    <ClInclude Include="..\..\..\..\..\mf_vedodo\src\component\Interfaces.h">
      <Filter>mf_vedodo</Filter>
    </ClInclude>
    <ClInclude Include="..\..\..\..\..\mf_vedodo\src\component\VehicleDynamicsOdometry.h">
      <Filter>mf_vedodo</Filter>
    </ClInclude>
    <ClInclude Include="..\..\..\..\..\mf_vedodo\src\component\WheelOdometry\VehicleCalculation.h">
      <Filter>mf_vedodo\WheelOdometry</Filter>
    </ClInclude>
    <ClInclude Include="..\..\..\..\..\mf_vedodo\src\component\WheelOdometry\WheelCalculation.h">
      <Filter>mf_vedodo\WheelOdometry</Filter>
    </ClInclude>
    <ClInclude Include="..\..\..\..\..\mf_vedodo\src\component\WheelOdometry\WheelOdometry.h">
      <Filter>mf_vedodo\WheelOdometry</Filter>
    </ClInclude>
    <ClInclude Include="..\..\..\..\..\mf_vedodo\src\component\InertialOdometry\DampingOsciFilter.h">
      <Filter>mf_vedodo\InertialOdometry</Filter>
    </ClInclude>
    <ClInclude Include="..\..\..\..\..\mf_vedodo\src\component\InertialOdometry\InertialOdometry.h">
      <Filter>mf_vedodo\InertialOdometry</Filter>
    </ClInclude>
    <ClInclude Include="..\..\..\..\..\mf_vedodo\src\component\Util\MeasurementPorts.h">
      <Filter>mf_vedodo\Util</Filter>
    </ClInclude>
    <ClInclude Include="..\..\..\..\..\mf_vedodo\src\component\Util\OdometryBuffer.h">
      <Filter>mf_vedodo\Util</Filter>
    </ClInclude>
    <ClInclude Include="..\..\..\..\..\mf_vedodo\src\component\Util\OdometryCommon.h">
      <Filter>mf_vedodo\Util</Filter>
    </ClInclude>
    <ClInclude Include="..\..\..\..\..\mf_vedodo\src\component\Util\OdometryInterface.h">
      <Filter>mf_vedodo\Util</Filter>
    </ClInclude>
    <ClInclude Include="..\..\..\..\..\mf_vedodo\src\component\Util\SamplingBuffer.h">
      <Filter>mf_vedodo\Util</Filter>
    </ClInclude>
    <ClInclude Include="..\..\..\..\..\mf_vedodo\src\component\MultiSensorFusion\MultiSensorFusion.h">
      <Filter>mf_vedodo\MultiSensorFusion</Filter>
    </ClInclude>
    <ClInclude Include="..\..\..\..\..\mf_vedodo\src\component\SignalAnalysis\SignalAnalysis.h">
      <Filter>mf_vedodo\SignalAnalysis</Filter>
    </ClInclude>
    <ClInclude Include="..\..\..\..\..\mf_vedodo\src\component\SteeringOdometry\SteeringOdometry.h">
      <Filter>mf_vedodo\SteeringOdometry</Filter>
    </ClInclude>
    <ClInclude Include="..\..\..\..\..\mf_vedodo\src\component\DrivingDirectionDetermination\DrivingDirectionDetermination.h">
      <Filter>mf_vedodo\DrivingDirectionDetermination</Filter>
    </ClInclude>
    <ClInclude Include="..\..\..\..\..\mf_vedodo\src\component\DrivingDirectionDetermination\DrivingDirectionFromAcceleration.h">
      <Filter>mf_vedodo\DrivingDirectionDetermination</Filter>
    </ClInclude>
    <ClInclude Include="..\..\..\..\..\mf_vedodo\src\component\DrivingDirectionDetermination\DrivingDirectionFromGear.h">
      <Filter>mf_vedodo\DrivingDirectionDetermination</Filter>
    </ClInclude>
    <ClInclude Include="..\..\..\..\..\mf_vedodo\src\component\DrivingDirectionDetermination\DrivingDirectionFromVelocity.h">
      <Filter>mf_vedodo\DrivingDirectionDetermination</Filter>
    </ClInclude>
    <ClInclude Include="..\..\..\..\..\mf_vedodo\src\component\DrivingDirectionDetermination\DrivingDirectionFromWheelEncoders.h">
      <Filter>mf_vedodo\DrivingDirectionDetermination</Filter>
    </ClInclude>
    <ClInclude Include="..\..\..\..\..\mf_vedodo\src\component\DrivingDirectionDetermination\DrivingDirectionFromYawRateSteering.h">
      <Filter>mf_vedodo\DrivingDirectionDetermination</Filter>
    </ClInclude>
    <ClInclude Include="..\..\..\..\..\mf_vedodo\src\component\InertialOdometry\SlopeFilter.h">
      <Filter>mf_vedodo\InertialOdometry</Filter>
    </ClInclude>
    <ClInclude Include="..\..\..\..\..\mf_vedodo\src\component\SuspensionSensor\SuspensionEstimation.h">
      <Filter>mf_vedodo\SuspensionSensor</Filter>
    </ClInclude>
    <ClInclude Include="..\..\..\..\..\mf_vedodo\src\component\InertialOdometry\TiltStateEstimation.h">
      <Filter>mf_vedodo\InertialOdometry</Filter>
    </ClInclude>
    <ClInclude Include="..\src\uspWrapper.h">
      <Filter>us_processing</Filter>
    </ClInclude>
    <ClInclude Include="..\..\..\..\..\mf_vedodo\src\component\Util\temp\LocalAdaptiveKalmanFilter.h">
      <Filter>mf_vedodo\Util</Filter>
    </ClInclude>
    <ClInclude Include="..\..\..\..\..\mf_vedodo\src\component\Util\temp\LocalMatrix.h">
      <Filter>mf_vedodo\Util</Filter>
    </ClInclude>
    <ClInclude Include="..\..\..\..\..\mf_vedodo\src\component\InertialOdometry\HeadingRateEstimation.h">
      <Filter>mf_vedodo\InertialOdometry</Filter>
    </ClInclude>
  </ItemGroup>
</Project>