<?xml version="1.0" encoding="utf-8"?>
<Project ToolsVersion="15.0" xmlns="http://schemas.microsoft.com/developer/msbuild/2003">
  <ItemGroup>
    <CustomBuild Include="D:\FFL_Closed_loop\mf_sil\tests\SIL\CarMaker\src\CMakeLists.txt">
      <Filter>TREE</Filter>
    </CustomBuild>
  </ItemGroup>
  <ItemGroup>
    <Filter Include="TREE">
      <UniqueIdentifier>{4BC76A68-164C-3C9C-9652-12484F895E17}</UniqueIdentifier>
    </Filter>
  </ItemGroup>
</Project>
