
Microsoft Visual Studio Solution File, Format Version 12.00
# Visual Studio 15
Project("{8BC9CEB8-8B4A-11D0-8D11-00A0C91BC942}") = "ALL_BUILD", "ALL_BUILD.vcxproj", "{A5593CE0-1825-329E-8D06-AD12E70B4843}"
	ProjectSection(ProjectDependencies) = postProject
		{9F0F2A59-5FDA-3944-8600-F7C66439B0CD} = {9F0F2A59-5FDA-3944-8600-F7C66439B0CD}
		{776A4A0B-3373-31EB-B7A0-33ADEB4315A7} = {776A4A0B-3373-31EB-B7A0-33ADEB4315A7}
		{E5454622-53EC-3F93-A5A6-D52846A38021} = {E5454622-53EC-3F93-A5A6-D52846A38021}
	EndProjectSection
EndProject
Project("{8BC9CEB8-8B4A-11D0-8D11-00A0C91BC942}") = "CarMaker.win64", "tests\SIL\CarMaker\src\CarMaker.win64.vcxproj", "{9F0F2A59-5FDA-3944-8600-F7C66439B0CD}"
	ProjectSection(ProjectDependencies) = postProject
		{776A4A0B-3373-31EB-B7A0-33ADEB4315A7} = {776A4A0B-3373-31EB-B7A0-33ADEB4315A7}
		{E5454622-53EC-3F93-A5A6-D52846A38021} = {E5454622-53EC-3F93-A5A6-D52846A38021}
	EndProjectSection
EndProject
Project("{8BC9CEB8-8B4A-11D0-8D11-00A0C91BC942}") = "DOCUMENTATION", "DOCUMENTATION.vcxproj", "{A611E805-35CC-3C18-A0EF-6737DC8FE6A1}"
	ProjectSection(ProjectDependencies) = postProject
		{0FB3DCF9-5B49-3C2C-A106-CB7DECD056BD} = {0FB3DCF9-5B49-3C2C-A106-CB7DECD056BD}
		{776A4A0B-3373-31EB-B7A0-33ADEB4315A7} = {776A4A0B-3373-31EB-B7A0-33ADEB4315A7}
	EndProjectSection
EndProject
Project("{8BC9CEB8-8B4A-11D0-8D11-00A0C91BC942}") = "DOCUMENTATION_mf_sil", "DOCUMENTATION_mf_sil.vcxproj", "{0FB3DCF9-5B49-3C2C-A106-CB7DECD056BD}"
	ProjectSection(ProjectDependencies) = postProject
		{776A4A0B-3373-31EB-B7A0-33ADEB4315A7} = {776A4A0B-3373-31EB-B7A0-33ADEB4315A7}
	EndProjectSection
EndProject
Project("{8BC9CEB8-8B4A-11D0-8D11-00A0C91BC942}") = "INSTALL", "INSTALL.vcxproj", "{78CD598A-CBEE-3B25-A948-341B76679E78}"
	ProjectSection(ProjectDependencies) = postProject
		{A5593CE0-1825-329E-8D06-AD12E70B4843} = {A5593CE0-1825-329E-8D06-AD12E70B4843}
		{776A4A0B-3373-31EB-B7A0-33ADEB4315A7} = {776A4A0B-3373-31EB-B7A0-33ADEB4315A7}
	EndProjectSection
EndProject
Project("{8BC9CEB8-8B4A-11D0-8D11-00A0C91BC942}") = "PACKAGE_INFO", "PACKAGE_INFO.vcxproj", "{FC4D7411-8205-3D66-AD2A-714DAB0A61E3}"
	ProjectSection(ProjectDependencies) = postProject
		{776A4A0B-3373-31EB-B7A0-33ADEB4315A7} = {776A4A0B-3373-31EB-B7A0-33ADEB4315A7}
	EndProjectSection
EndProject
Project("{8BC9CEB8-8B4A-11D0-8D11-00A0C91BC942}") = "TARGET_COMPONENT", "tests\SIL\CarMaker\src\TARGET_COMPONENT.vcxproj", "{FA4F3252-819E-35FC-8420-E81146B4EF08}"
	ProjectSection(ProjectDependencies) = postProject
		{9F0F2A59-5FDA-3944-8600-F7C66439B0CD} = {9F0F2A59-5FDA-3944-8600-F7C66439B0CD}
		{776A4A0B-3373-31EB-B7A0-33ADEB4315A7} = {776A4A0B-3373-31EB-B7A0-33ADEB4315A7}
		{E5454622-53EC-3F93-A5A6-D52846A38021} = {E5454622-53EC-3F93-A5A6-D52846A38021}
	EndProjectSection
EndProject
Project("{8BC9CEB8-8B4A-11D0-8D11-00A0C91BC942}") = "ZERO_CHECK", "ZERO_CHECK.vcxproj", "{776A4A0B-3373-31EB-B7A0-33ADEB4315A7}"
	ProjectSection(ProjectDependencies) = postProject
	EndProjectSection
EndProject
Project("{8BC9CEB8-8B4A-11D0-8D11-00A0C91BC942}") = "ap_wrapper", "tests\SIL\CarMaker\src\ap_wrapper.vcxproj", "{E5454622-53EC-3F93-A5A6-D52846A38021}"
	ProjectSection(ProjectDependencies) = postProject
		{776A4A0B-3373-31EB-B7A0-33ADEB4315A7} = {776A4A0B-3373-31EB-B7A0-33ADEB4315A7}
	EndProjectSection
EndProject
Global
	GlobalSection(SolutionConfigurationPlatforms) = preSolution
		Debug|x64 = Debug|x64
	EndGlobalSection
	GlobalSection(ProjectConfigurationPlatforms) = postSolution
		{A5593CE0-1825-329E-8D06-AD12E70B4843}.Debug|x64.ActiveCfg = Debug|x64
		{A5593CE0-1825-329E-8D06-AD12E70B4843}.Debug|x64.Build.0 = Debug|x64
		{9F0F2A59-5FDA-3944-8600-F7C66439B0CD}.Debug|x64.ActiveCfg = Debug|x64
		{9F0F2A59-5FDA-3944-8600-F7C66439B0CD}.Debug|x64.Build.0 = Debug|x64
		{A611E805-35CC-3C18-A0EF-6737DC8FE6A1}.Debug|x64.ActiveCfg = Debug|x64
		{0FB3DCF9-5B49-3C2C-A106-CB7DECD056BD}.Debug|x64.ActiveCfg = Debug|x64
		{0FB3DCF9-5B49-3C2C-A106-CB7DECD056BD}.Debug|x64.Build.0 = Debug|x64
		{78CD598A-CBEE-3B25-A948-341B76679E78}.Debug|x64.ActiveCfg = Debug|x64
		{FC4D7411-8205-3D66-AD2A-714DAB0A61E3}.Debug|x64.ActiveCfg = Debug|x64
		{FA4F3252-819E-35FC-8420-E81146B4EF08}.Debug|x64.ActiveCfg = Debug|x64
		{776A4A0B-3373-31EB-B7A0-33ADEB4315A7}.Debug|x64.ActiveCfg = Debug|x64
		{776A4A0B-3373-31EB-B7A0-33ADEB4315A7}.Debug|x64.Build.0 = Debug|x64
		{E5454622-53EC-3F93-A5A6-D52846A38021}.Debug|x64.ActiveCfg = Debug|x64
		{E5454622-53EC-3F93-A5A6-D52846A38021}.Debug|x64.Build.0 = Debug|x64
	EndGlobalSection
	GlobalSection(ExtensibilityGlobals) = postSolution
		SolutionGuid = {0C7761B1-40EA-38F1-A3FE-1BCFB1C1D39E}
	EndGlobalSection
	GlobalSection(ExtensibilityAddIns) = postSolution
	EndGlobalSection
EndGlobal
